
Microsoft Visual Studio Solution File, Format Version 12.00
# Visual Studio Version 17
VisualStudioVersion = 17.9.34701.34
MinimumVisualStudioVersion = 10.0.40219.1
Project("{9A19103F-16F7-4668-BE54-9A1E7A4F7556}") = "CompassGuide", "CompassGuide\CompassGuide.csproj", "{232BC197-8A24-449F-97AA-AD125964F313}"
EndProject
Project("{9A19103F-16F7-4668-BE54-9A1E7A4F7556}") = "CompassGuide.BusinessLayer", "CompassGuide.BusinessLayer\CompassGuide.BusinessLayer.csproj", "{0E5BDAC5-A514-410C-A24C-3BBA12739557}"
EndProject
Project("{9A19103F-16F7-4668-BE54-9A1E7A4F7556}") = "CompassGuide.DataAccessLayer", "CompassGuide.DataAccessLayer\CompassGuide.DataAccessLayer.csproj", "{9EA3471F-465D-4311-946C-5770DCD881B5}"
EndProject
Project("{9A19103F-16F7-4668-BE54-9A1E7A4F7556}") = "CompassGuide.EntityLayer", "CompassGuide.EntityLayer\CompassGuide.EntityLayer.csproj", "{167229AD-9A55-4EE4-B3AD-FA10B8A91062}"
EndProject
Project("{FAE04EC0-301F-11D3-BF4B-00C04F79EFBC}") = "CompassGuide.Ioc", "CompassGuide.Ioc\CompassGuide.Ioc.csproj", "{BDE76309-0DD3-4F96-AB63-E8AA9E6F2B09}"
EndProject
Global
	GlobalSection(SolutionConfigurationPlatforms) = preSolution
		Debug|Any CPU = Debug|Any CPU
		Release|Any CPU = Release|Any CPU
	EndGlobalSection
	GlobalSection(ProjectConfigurationPlatforms) = postSolution
		{232BC197-8A24-449F-97AA-AD125964F313}.Debug|Any CPU.ActiveCfg = Debug|Any CPU
		{232BC197-8A24-449F-97AA-AD125964F313}.Debug|Any CPU.Build.0 = Debug|Any CPU
		{232BC197-8A24-449F-97AA-AD125964F313}.Release|Any CPU.ActiveCfg = Release|Any CPU
		{232BC197-8A24-449F-97AA-AD125964F313}.Release|Any CPU.Build.0 = Release|Any CPU
		{0E5BDAC5-A514-410C-A24C-3BBA12739557}.Debug|Any CPU.ActiveCfg = Debug|Any CPU
		{0E5BDAC5-A514-410C-A24C-3BBA12739557}.Debug|Any CPU.Build.0 = Debug|Any CPU
		{0E5BDAC5-A514-410C-A24C-3BBA12739557}.Release|Any CPU.ActiveCfg = Release|Any CPU
		{0E5BDAC5-A514-410C-A24C-3BBA12739557}.Release|Any CPU.Build.0 = Release|Any CPU
		{9EA3471F-465D-4311-946C-5770DCD881B5}.Debug|Any CPU.ActiveCfg = Debug|Any CPU
		{9EA3471F-465D-4311-946C-5770DCD881B5}.Debug|Any CPU.Build.0 = Debug|Any CPU
		{9EA3471F-465D-4311-946C-5770DCD881B5}.Release|Any CPU.ActiveCfg = Release|Any CPU
		{9EA3471F-465D-4311-946C-5770DCD881B5}.Release|Any CPU.Build.0 = Release|Any CPU
		{167229AD-9A55-4EE4-B3AD-FA10B8A91062}.Debug|Any CPU.ActiveCfg = Debug|Any CPU
		{167229AD-9A55-4EE4-B3AD-FA10B8A91062}.Debug|Any CPU.Build.0 = Debug|Any CPU
		{167229AD-9A55-4EE4-B3AD-FA10B8A91062}.Release|Any CPU.ActiveCfg = Release|Any CPU
		{167229AD-9A55-4EE4-B3AD-FA10B8A91062}.Release|Any CPU.Build.0 = Release|Any CPU
		{BDE76309-0DD3-4F96-AB63-E8AA9E6F2B09}.Debug|Any CPU.ActiveCfg = Debug|Any CPU
		{BDE76309-0DD3-4F96-AB63-E8AA9E6F2B09}.Debug|Any CPU.Build.0 = Debug|Any CPU
		{BDE76309-0DD3-4F96-AB63-E8AA9E6F2B09}.Release|Any CPU.ActiveCfg = Release|Any CPU
		{BDE76309-0DD3-4F96-AB63-E8AA9E6F2B09}.Release|Any CPU.Build.0 = Release|Any CPU
	EndGlobalSection
	GlobalSection(SolutionProperties) = preSolution
		HideSolutionNode = FALSE
	EndGlobalSection
	GlobalSection(ExtensibilityGlobals) = postSolution
		SolutionGuid = {6D7E1C5F-7048-4FA1-918D-474CB0AA61EF}
	EndGlobalSection
EndGlobal
